{
  "name": "@c3exchange/github-app-token",
  "version": "1.0.1",
  "lockfileVersion": 3,
  "requires": true,
  "packages": {
    "": {
      "name": "github-app-token",
      "version": "1.0.1",
      "license": "Apache-2.0",
      "bin": {
        "github-app-token": "bin/cli.js"
      },
      "engines": {
        "node": ">=16.0.0"
      }
    }
  }
}
